{
  "name": "agora-office",
  "version": "0.0.8",
  "lockfileVersion": 1,
  "requires": true,
  "dependencies": {
    "agora-rtm-sdk": {
      "version": "1.2.2",
      "resolved": "https://registry.npmjs.org/agora-rtm-sdk/-/agora-rtm-sdk-1.2.2.tgz",
      "integrity": "sha512-uL6fUBQyyFvVJ4Snd7uT3VL0fPLSO0XcQxGxa1BN3l4neAY0Kte53xi0xVzco1sIFxUyV42AR0nbRx4iNsre0w=="
    }
  }
}
